
Microsoft Visual Studio Solution File, Format Version 12.00
# Visual Studio Version 16
VisualStudioVersion = 16.0.30204.135
MinimumVisualStudioVersion = 10.0.40219.1
Project("{FAE04EC0-301F-11D3-BF4B-00C04F79EFBC}") = "CodeFirstDB", "CodeFirstDB\CodeFirstDB.csproj", "{540FE27E-4BDA-4447-B04F-BDEA336473B9}"
EndProject
Global
	GlobalSection(SolutionConfigurationPlatforms) = preSolution
		Debug|Any CPU = Debug|Any CPU
		Release|Any CPU = Release|Any CPU
	EndGlobalSection
	GlobalSection(ProjectConfigurationPlatforms) = postSolution
		{540FE27E-4BDA-4447-B04F-BDEA336473B9}.Debug|Any CPU.ActiveCfg = Debug|Any CPU
		{540FE27E-4BDA-4447-B04F-BDEA336473B9}.Debug|Any CPU.Build.0 = Debug|Any CPU
		{540FE27E-4BDA-4447-B04F-BDEA336473B9}.Release|Any CPU.ActiveCfg = Release|Any CPU
		{540FE27E-4BDA-4447-B04F-BDEA336473B9}.Release|Any CPU.Build.0 = Release|Any CPU
	EndGlobalSection
	GlobalSection(SolutionProperties) = preSolution
		HideSolutionNode = FALSE
	EndGlobalSection
	GlobalSection(ExtensibilityGlobals) = postSolution
		SolutionGuid = {6498F951-E58C-499C-A960-F801FFA22DB2}
	EndGlobalSection
EndGlobal
